
Microsoft Visual Studio Solution File, Format Version 12.00
# Visual Studio Version 16
VisualStudioVersion = 16.0.29519.87
MinimumVisualStudioVersion = 10.0.40219.1
Project("{FAE04EC0-301F-11D3-BF4B-00C04F79EFBC}") = "WindowsFormsApp6", "WindowsFormsApp6\WindowsFormsApp6.csproj", "{C449E159-6ABC-46A7-9727-4FA937C87485}"
EndProject
Global
	GlobalSection(SolutionConfigurationPlatforms) = preSolution
		Debug|Any CPU = Debug|Any CPU
		Release|Any CPU = Release|Any CPU
	EndGlobalSection
	GlobalSection(ProjectConfigurationPlatforms) = postSolution
		{C449E159-6ABC-46A7-9727-4FA937C87485}.Debug|Any CPU.ActiveCfg = Debug|Any CPU
		{C449E159-6ABC-46A7-9727-4FA937C87485}.Debug|Any CPU.Build.0 = Debug|Any CPU
		{C449E159-6ABC-46A7-9727-4FA937C87485}.Release|Any CPU.ActiveCfg = Release|Any CPU
		{C449E159-6ABC-46A7-9727-4FA937C87485}.Release|Any CPU.Build.0 = Release|Any CPU
	EndGlobalSection
	GlobalSection(SolutionProperties) = preSolution
		HideSolutionNode = FALSE
	EndGlobalSection
	GlobalSection(ExtensibilityGlobals) = postSolution
		SolutionGuid = {A4A31952-A288-4A65-887C-25B374822FA4}
	EndGlobalSection
EndGlobal
